{
  "lockfileVersion": 1,
  "configVersion": 1,
  "workspaces": {
    "": {
      "name": "@openfx/macos",
      "dependencies": {
        "openfx-native-photos": "file:./native/openfx-native-photos",
      },
    },
  },
  "packages": {
    "openfx-native-photos": ["openfx-native-photos@file:native/openfx-native-photos", {}],
  }
}
